<Solution>
  <Folder Name="/Solution Items/">
    <File Path=".env" />
    <File Path=".env.example" />
    <File Path="docker-compose.yml" />
  </Folder>
  <Project Path="TaskManagementSystem.Application/TaskManagementSystem.Application.csproj" />
  <Project Path="TaskManagementSystem.Data/TaskManagementSystem.Data.csproj" />
  <Project Path="TaskManagementSystem.Domain/TaskManagementSystem.Domain.csproj" />
  <Project Path="TaskManagementSystem/TaskManagementSystem.csproj" />
</Solution>
